// !$*UTF8*$!
{
	archiveVersion = 1;
	classes = {
	};
	objectVersion = 77;
	objects = {

/* Begin PBXBuildFile section */
		80523B6B2DA923430068EA71 /* InterposeKit in Frameworks */ = {isa = PBXBuildFile; productRef = 80523B6A2DA923430068EA71 /* InterposeKit */; };
		8078DF9F2DA016EE009A0B1A /* Assets.xcassets in Resources */ = {isa = PBXBuildFile; fileRef = 8078DF962DA016EE009A0B1A /* Assets.xcassets */; };
		8078DFA02DA016EE009A0B1A /* MainMenu.xib in Resources */ = {isa = PBXBuildFile; fileRef = 8078DF982DA016EE009A0B1A /* MainMenu.xib */; };
		8078DFA12DA016EE009A0B1A /* AppDelegate.swift in Sources */ = {isa = PBXBuildFile; fileRef = 8078DF9A2DA016EE009A0B1A /* AppDelegate.swift */; };
		8078DFAA2DA04DAA009A0B1A /* HookExample.swift in Sources */ = {isa = PBXBuildFile; fileRef = 8078DFA92DA04DAA009A0B1A /* HookExample.swift */; };
		8078DFAC2DA04DC6009A0B1A /* ContentView.swift in Sources */ = {isa = PBXBuildFile; fileRef = 8078DFAB2DA04DC6009A0B1A /* ContentView.swift */; };
/* End PBXBuildFile section */

/* Begin PBXFileReference section */
		8078DF832DA016B6009A0B1A /* InterposeKitExample.app */ = {isa = PBXFileReference; explicitFileType = wrapper.application; includeInIndex = 0; path = InterposeKitExample.app; sourceTree = BUILT_PRODUCTS_DIR; };
		8078DF962DA016EE009A0B1A /* Assets.xcassets */ = {isa = PBXFileReference; lastKnownFileType = folder.assetcatalog; path = Assets.xcassets; sourceTree = "<group>"; };
		8078DF972DA016EE009A0B1A /* Base */ = {isa = PBXFileReference; lastKnownFileType = file.xib; name = Base; path = Base.lproj/MainMenu.xib; sourceTree = "<group>"; };
		8078DF9A2DA016EE009A0B1A /* AppDelegate.swift */ = {isa = PBXFileReference; lastKnownFileType = sourcecode.swift; path = AppDelegate.swift; sourceTree = "<group>"; };
		8078DF9C2DA016EE009A0B1A /* InterposeKitExample.entitlements */ = {isa = PBXFileReference; lastKnownFileType = text.plist.entitlements; path = InterposeKitExample.entitlements; sourceTree = "<group>"; };
		8078DFA92DA04DAA009A0B1A /* HookExample.swift */ = {isa = PBXFileReference; lastKnownFileType = sourcecode.swift; path = HookExample.swift; sourceTree = "<group>"; };
		8078DFAB2DA04DC6009A0B1A /* ContentView.swift */ = {isa = PBXFileReference; lastKnownFileType = sourcecode.swift; path = ContentView.swift; sourceTree = "<group>"; };
/* End PBXFileReference section */

/* Begin PBXFrameworksBuildPhase section */
		8078DF802DA016B6009A0B1A /* Frameworks */ = {
			isa = PBXFrameworksBuildPhase;
			buildActionMask = 2147483647;
			files = (
				80523B6B2DA923430068EA71 /* InterposeKit in Frameworks */,
			);
			runOnlyForDeploymentPostprocessing = 0;
		};
/* End PBXFrameworksBuildPhase section */

/* Begin PBXGroup section */
		8078DF7A2DA016B6009A0B1A = {
			isa = PBXGroup;
			children = (
				8078DF9E2DA016EE009A0B1A /* InterposeKitExample */,
				8078DF842DA016B6009A0B1A /* Products */,
			);
			sourceTree = "<group>";
		};
		8078DF842DA016B6009A0B1A /* Products */ = {
			isa = PBXGroup;
			children = (
				8078DF832DA016B6009A0B1A /* InterposeKitExample.app */,
			);
			name = Products;
			sourceTree = "<group>";
		};
		8078DF992DA016EE009A0B1A /* Resources */ = {
			isa = PBXGroup;
			children = (
				8078DF962DA016EE009A0B1A /* Assets.xcassets */,
				8078DF982DA016EE009A0B1A /* MainMenu.xib */,
			);
			path = Resources;
			sourceTree = "<group>";
		};
		8078DF9B2DA016EE009A0B1A /* Sources */ = {
			isa = PBXGroup;
			children = (
				8078DF9A2DA016EE009A0B1A /* AppDelegate.swift */,
				8078DFA92DA04DAA009A0B1A /* HookExample.swift */,
				8078DFAB2DA04DC6009A0B1A /* ContentView.swift */,
			);
			path = Sources;
			sourceTree = "<group>";
		};
		8078DF9D2DA016EE009A0B1A /* SupportingFiles */ = {
			isa = PBXGroup;
			children = (
				8078DF9C2DA016EE009A0B1A /* InterposeKitExample.entitlements */,
			);
			path = SupportingFiles;
			sourceTree = "<group>";
		};
		8078DF9E2DA016EE009A0B1A /* InterposeKitExample */ = {
			isa = PBXGroup;
			children = (
				8078DF9B2DA016EE009A0B1A /* Sources */,
				8078DF992DA016EE009A0B1A /* Resources */,
				8078DF9D2DA016EE009A0B1A /* SupportingFiles */,
			);
			path = InterposeKitExample;
			sourceTree = "<group>";
		};
/* End PBXGroup section */

/* Begin PBXNativeTarget section */
		8078DF822DA016B6009A0B1A /* InterposeKitExample */ = {
			isa = PBXNativeTarget;
			buildConfigurationList = 8078DF902DA016B7009A0B1A /* Build configuration list for PBXNativeTarget "InterposeKitExample" */;
			buildPhases = (
				8078DF7F2DA016B6009A0B1A /* Sources */,
				8078DF802DA016B6009A0B1A /* Frameworks */,
				8078DF812DA016B6009A0B1A /* Resources */,
			);
			buildRules = (
			);
			dependencies = (
			);
			name = InterposeKitExample;
			packageProductDependencies = (
				8078DFA42DA01B90009A0B1A /* InterposeKit */,
				80523B6A2DA923430068EA71 /* InterposeKit */,
			);
			productName = InterposeKitExample;
			productReference = 8078DF832DA016B6009A0B1A /* InterposeKitExample.app */;
			productType = "com.apple.product-type.application";
		};
/* End PBXNativeTarget section */

/* Begin PBXProject section */
		8078DF7B2DA016B6009A0B1A /* Project object */ = {
			isa = PBXProject;
			attributes = {
				BuildIndependentTargetsInParallel = 1;
				LastSwiftUpdateCheck = 1630;
				LastUpgradeCheck = 1630;
				TargetAttributes = {
					8078DF822DA016B6009A0B1A = {
						CreatedOnToolsVersion = 16.3;
					};
				};
			};
			buildConfigurationList = 8078DF7E2DA016B6009A0B1A /* Build configuration list for PBXProject "InterposeKitExample" */;
			developmentRegion = en;
			hasScannedForEncodings = 0;
			knownRegions = (
				en,
				Base,
			);
			mainGroup = 8078DF7A2DA016B6009A0B1A;
			minimizedProjectReferenceProxies = 1;
			packageReferences = (
				80523B692DA923430068EA71 /* XCLocalSwiftPackageReference "../../InterposeKit" */,
			);
			preferredProjectObjectVersion = 77;
			productRefGroup = 8078DF842DA016B6009A0B1A /* Products */;
			projectDirPath = "";
			projectRoot = "";
			targets = (
				8078DF822DA016B6009A0B1A /* InterposeKitExample */,
			);
		};
/* End PBXProject section */

/* Begin PBXResourcesBuildPhase section */
		8078DF812DA016B6009A0B1A /* Resources */ = {
			isa = PBXResourcesBuildPhase;
			buildActionMask = 2147483647;
			files = (
				8078DF9F2DA016EE009A0B1A /* Assets.xcassets in Resources */,
				8078DFA02DA016EE009A0B1A /* MainMenu.xib in Resources */,
			);
			runOnlyForDeploymentPostprocessing = 0;
		};
/* End PBXResourcesBuildPhase section */

/* Begin PBXSourcesBuildPhase section */
		8078DF7F2DA016B6009A0B1A /* Sources */ = {
			isa = PBXSourcesBuildPhase;
			buildActionMask = 2147483647;
			files = (
				8078DFAA2DA04DAA009A0B1A /* HookExample.swift in Sources */,
				8078DFA12DA016EE009A0B1A /* AppDelegate.swift in Sources */,
				8078DFAC2DA04DC6009A0B1A /* ContentView.swift in Sources */,
			);
			runOnlyForDeploymentPostprocessing = 0;
		};
/* End PBXSourcesBuildPhase section */

/* Begin PBXVariantGroup section */
		8078DF982DA016EE009A0B1A /* MainMenu.xib */ = {
			isa = PBXVariantGroup;
			children = (
				8078DF972DA016EE009A0B1A /* Base */,
			);
			name = MainMenu.xib;
			sourceTree = "<group>";
		};
/* End PBXVariantGroup section */

/* Begin XCBuildConfiguration section */
		8078DF8E2DA016B7009A0B1A /* Debug */ = {
			isa = XCBuildConfiguration;
			buildSettings = {
				ALWAYS_SEARCH_USER_PATHS = NO;
				ASSETCATALOG_COMPILER_GENERATE_SWIFT_ASSET_SYMBOL_EXTENSIONS = YES;
				CLANG_ANALYZER_NONNULL = YES;
				CLANG_ANALYZER_NUMBER_OBJECT_CONVERSION = YES_AGGRESSIVE;
				CLANG_CXX_LANGUAGE_STANDARD = "gnu++20";
				CLANG_ENABLE_MODULES = YES;
				CLANG_ENABLE_OBJC_ARC = YES;
				CLANG_ENABLE_OBJC_WEAK = YES;
				CLANG_WARN_BLOCK_CAPTURE_AUTORELEASING = YES;
				CLANG_WARN_BOOL_CONVERSION = YES;
				CLANG_WARN_COMMA = YES;
				CLANG_WARN_CONSTANT_CONVERSION = YES;
				CLANG_WARN_DEPRECATED_OBJC_IMPLEMENTATIONS = YES;
				CLANG_WARN_DIRECT_OBJC_ISA_USAGE = YES_ERROR;
				CLANG_WARN_DOCUMENTATION_COMMENTS = YES;
				CLANG_WARN_EMPTY_BODY = YES;
				CLANG_WARN_ENUM_CONVERSION = YES;
				CLANG_WARN_INFINITE_RECURSION = YES;
				CLANG_WARN_INT_CONVERSION = YES;
				CLANG_WARN_NON_LITERAL_NULL_CONVERSION = YES;
				CLANG_WARN_OBJC_IMPLICIT_RETAIN_SELF = YES;
				CLANG_WARN_OBJC_LITERAL_CONVERSION = YES;
				CLANG_WARN_OBJC_ROOT_CLASS = YES_ERROR;
				CLANG_WARN_QUOTED_INCLUDE_IN_FRAMEWORK_HEADER = YES;
				CLANG_WARN_RANGE_LOOP_ANALYSIS = YES;
				CLANG_WARN_STRICT_PROTOTYPES = YES;
				CLANG_WARN_SUSPICIOUS_MOVE = YES;
				CLANG_WARN_UNGUARDED_AVAILABILITY = YES_AGGRESSIVE;
				CLANG_WARN_UNREACHABLE_CODE = YES;
				CLANG_WARN__DUPLICATE_METHOD_MATCH = YES;
				COPY_PHASE_STRIP = NO;
				DEBUG_INFORMATION_FORMAT = dwarf;
				ENABLE_STRICT_OBJC_MSGSEND = YES;
				ENABLE_TESTABILITY = YES;
				ENABLE_USER_SCRIPT_SANDBOXING = YES;
				GCC_C_LANGUAGE_STANDARD = gnu17;
				GCC_DYNAMIC_NO_PIC = NO;
				GCC_NO_COMMON_BLOCKS = YES;
				GCC_OPTIMIZATION_LEVEL = 0;
				GCC_PREPROCESSOR_DEFINITIONS = (
					"DEBUG=1",
					"$(inherited)",
				);
				GCC_WARN_64_TO_32_BIT_CONVERSION = YES;
				GCC_WARN_ABOUT_RETURN_TYPE = YES_ERROR;
				GCC_WARN_UNDECLARED_SELECTOR = YES;
				GCC_WARN_UNINITIALIZED_AUTOS = YES_AGGRESSIVE;
				GCC_WARN_UNUSED_FUNCTION = YES;
				GCC_WARN_UNUSED_VARIABLE = YES;
				LOCALIZATION_PREFERS_STRING_CATALOGS = YES;
				MACOSX_DEPLOYMENT_TARGET = 15.3;
				MTL_ENABLE_DEBUG_INFO = INCLUDE_SOURCE;
				MTL_FAST_MATH = YES;
				ONLY_ACTIVE_ARCH = YES;
				SDKROOT = macosx;
				SWIFT_ACTIVE_COMPILATION_CONDITIONS = "DEBUG $(inherited)";
				SWIFT_OPTIMIZATION_LEVEL = "-Onone";
			};
			name = Debug;
		};
		8078DF8F2DA016B7009A0B1A /* Release */ = {
			isa = XCBuildConfiguration;
			buildSettings = {
				ALWAYS_SEARCH_USER_PATHS = NO;
				ASSETCATALOG_COMPILER_GENERATE_SWIFT_ASSET_SYMBOL_EXTENSIONS = YES;
				CLANG_ANALYZER_NONNULL = YES;
				CLANG_ANALYZER_NUMBER_OBJECT_CONVERSION = YES_AGGRESSIVE;
				CLANG_CXX_LANGUAGE_STANDARD = "gnu++20";
				CLANG_ENABLE_MODULES = YES;
				CLANG_ENABLE_OBJC_ARC = YES;
				CLANG_ENABLE_OBJC_WEAK = YES;
				CLANG_WARN_BLOCK_CAPTURE_AUTORELEASING = YES;
				CLANG_WARN_BOOL_CONVERSION = YES;
				CLANG_WARN_COMMA = YES;
				CLANG_WARN_CONSTANT_CONVERSION = YES;
				CLANG_WARN_DEPRECATED_OBJC_IMPLEMENTATIONS = YES;
				CLANG_WARN_DIRECT_OBJC_ISA_USAGE = YES_ERROR;
				CLANG_WARN_DOCUMENTATION_COMMENTS = YES;
				CLANG_WARN_EMPTY_BODY = YES;
				CLANG_WARN_ENUM_CONVERSION = YES;
				CLANG_WARN_INFINITE_RECURSION = YES;
				CLANG_WARN_INT_CONVERSION = YES;
				CLANG_WARN_NON_LITERAL_NULL_CONVERSION = YES;
				CLANG_WARN_OBJC_IMPLICIT_RETAIN_SELF = YES;
				CLANG_WARN_OBJC_LITERAL_CONVERSION = YES;
				CLANG_WARN_OBJC_ROOT_CLASS = YES_ERROR;
				CLANG_WARN_QUOTED_INCLUDE_IN_FRAMEWORK_HEADER = YES;
				CLANG_WARN_RANGE_LOOP_ANALYSIS = YES;
				CLANG_WARN_STRICT_PROTOTYPES = YES;
				CLANG_WARN_SUSPICIOUS_MOVE = YES;
				CLANG_WARN_UNGUARDED_AVAILABILITY = YES_AGGRESSIVE;
				CLANG_WARN_UNREACHABLE_CODE = YES;
				CLANG_WARN__DUPLICATE_METHOD_MATCH = YES;
				COPY_PHASE_STRIP = NO;
				DEBUG_INFORMATION_FORMAT = "dwarf-with-dsym";
				ENABLE_NS_ASSERTIONS = NO;
				ENABLE_STRICT_OBJC_MSGSEND = YES;
				ENABLE_USER_SCRIPT_SANDBOXING = YES;
				GCC_C_LANGUAGE_STANDARD = gnu17;
				GCC_NO_COMMON_BLOCKS = YES;
				GCC_WARN_64_TO_32_BIT_CONVERSION = YES;
				GCC_WARN_ABOUT_RETURN_TYPE = YES_ERROR;
				GCC_WARN_UNDECLARED_SELECTOR = YES;
				GCC_WARN_UNINITIALIZED_AUTOS = YES_AGGRESSIVE;
				GCC_WARN_UNUSED_FUNCTION = YES;
				GCC_WARN_UNUSED_VARIABLE = YES;
				LOCALIZATION_PREFERS_STRING_CATALOGS = YES;
				MACOSX_DEPLOYMENT_TARGET = 15.3;
				MTL_ENABLE_DEBUG_INFO = NO;
				MTL_FAST_MATH = YES;
				SDKROOT = macosx;
				SWIFT_COMPILATION_MODE = wholemodule;
			};
			name = Release;
		};
		8078DF912DA016B7009A0B1A /* Debug */ = {
			isa = XCBuildConfiguration;
			buildSettings = {
				ASSETCATALOG_COMPILER_APPICON_NAME = AppIcon;
				ASSETCATALOG_COMPILER_GLOBAL_ACCENT_COLOR_NAME = AccentColor;
				CODE_SIGN_ENTITLEMENTS = InterposeKitExample/SupportingFiles/InterposeKitExample.entitlements;
				CODE_SIGN_STYLE = Automatic;
				COMBINE_HIDPI_IMAGES = YES;
				CURRENT_PROJECT_VERSION = 1;
				GENERATE_INFOPLIST_FILE = YES;
				INFOPLIST_KEY_NSHumanReadableCopyright = "";
				INFOPLIST_KEY_NSMainNibFile = MainMenu;
				INFOPLIST_KEY_NSPrincipalClass = NSApplication;
				LD_RUNPATH_SEARCH_PATHS = (
					"$(inherited)",
					"@executable_path/../Frameworks",
				);
				MACOSX_DEPLOYMENT_TARGET = 13.5;
				MARKETING_VERSION = 1.0;
				PRODUCT_BUNDLE_IDENTIFIER = eu.structuredpath.InterposeKitExample;
				PRODUCT_NAME = "$(TARGET_NAME)";
				REGISTER_APP_GROUPS = YES;
				SWIFT_EMIT_LOC_STRINGS = YES;
				SWIFT_VERSION = 5.0;
			};
			name = Debug;
		};
		8078DF922DA016B7009A0B1A /* Release */ = {
			isa = XCBuildConfiguration;
			buildSettings = {
				ASSETCATALOG_COMPILER_APPICON_NAME = AppIcon;
				ASSETCATALOG_COMPILER_GLOBAL_ACCENT_COLOR_NAME = AccentColor;
				CODE_SIGN_ENTITLEMENTS = InterposeKitExample/SupportingFiles/InterposeKitExample.entitlements;
				CODE_SIGN_STYLE = Automatic;
				COMBINE_HIDPI_IMAGES = YES;
				CURRENT_PROJECT_VERSION = 1;
				GENERATE_INFOPLIST_FILE = YES;
				INFOPLIST_KEY_NSHumanReadableCopyright = "";
				INFOPLIST_KEY_NSMainNibFile = MainMenu;
				INFOPLIST_KEY_NSPrincipalClass = NSApplication;
				LD_RUNPATH_SEARCH_PATHS = (
					"$(inherited)",
					"@executable_path/../Frameworks",
				);
				MACOSX_DEPLOYMENT_TARGET = 13.5;
				MARKETING_VERSION = 1.0;
				PRODUCT_BUNDLE_IDENTIFIER = eu.structuredpath.InterposeKitExample;
				PRODUCT_NAME = "$(TARGET_NAME)";
				REGISTER_APP_GROUPS = YES;
				SWIFT_EMIT_LOC_STRINGS = YES;
				SWIFT_VERSION = 5.0;
			};
			name = Release;
		};
/* End XCBuildConfiguration section */

/* Begin XCConfigurationList section */
		8078DF7E2DA016B6009A0B1A /* Build configuration list for PBXProject "InterposeKitExample" */ = {
			isa = XCConfigurationList;
			buildConfigurations = (
				8078DF8E2DA016B7009A0B1A /* Debug */,
				8078DF8F2DA016B7009A0B1A /* Release */,
			);
			defaultConfigurationIsVisible = 0;
			defaultConfigurationName = Release;
		};
		8078DF902DA016B7009A0B1A /* Build configuration list for PBXNativeTarget "InterposeKitExample" */ = {
			isa = XCConfigurationList;
			buildConfigurations = (
				8078DF912DA016B7009A0B1A /* Debug */,
				8078DF922DA016B7009A0B1A /* Release */,
			);
			defaultConfigurationIsVisible = 0;
			defaultConfigurationName = Release;
		};
/* End XCConfigurationList section */

/* Begin XCLocalSwiftPackageReference section */
		80523B692DA923430068EA71 /* XCLocalSwiftPackageReference "../../InterposeKit" */ = {
			isa = XCLocalSwiftPackageReference;
			relativePath = ../../InterposeKit;
		};
/* End XCLocalSwiftPackageReference section */

/* Begin XCSwiftPackageProductDependency section */
		80523B6A2DA923430068EA71 /* InterposeKit */ = {
			isa = XCSwiftPackageProductDependency;
			productName = InterposeKit;
		};
		8078DFA42DA01B90009A0B1A /* InterposeKit */ = {
			isa = XCSwiftPackageProductDependency;
			productName = InterposeKit;
		};
/* End XCSwiftPackageProductDependency section */
	};
	rootObject = 8078DF7B2DA016B6009A0B1A /* Project object */;
}
